# This file is automatically @generated by Cargo.
# It is not intended for manual editing.
version = 4

[[package]]
name = "borrowing"
version = "0.1.0"

[[package]]
name = "casting"
version = "0.1.0"

[[package]]
name = "cc"
version = "1.2.53"
source = "registry+https://github.com/rust-lang/crates.io-index"
checksum = "755d2fce177175ffca841e9a06afdb2c4ab0f593d53b4dee48147dfaade85932"
dependencies = [
 "find-msvc-tools",
 "shlex",
]

[[package]]
name = "closures"
version = "0.1.0"

[[package]]
name = "collections"
version = "0.1.0"

[[package]]
name = "const_fn"
version = "0.1.0"

[[package]]
name = "enums"
version = "0.1.0"

[[package]]
name = "error_handling"
version = "0.1.0"

[[package]]
name = "ffi"
version = "0.1.0"
dependencies = [
 "cc",
]

[[package]]
name = "find-msvc-tools"
version = "0.1.8"
source = "registry+https://github.com/rust-lang/crates.io-index"
checksum = "8591b0bcc8a98a64310a2fae1bb3e9b8564dd10e381e6e28010fde8e8e8568db"

[[package]]
name = "generics"
version = "0.1.0"

[[package]]
name = "hello"
version = "0.1.0"

[[package]]
name = "iterators"
version = "0.1.0"

[[package]]
name = "modules"
version = "0.1.0"

[[package]]
name = "ownership"
version = "0.1.0"

[[package]]
name = "raii"
version = "0.1.0"

[[package]]
name = "self_this"
version = "0.1.0"

[[package]]
name = "shlex"
version = "1.3.0"
source = "registry+https://github.com/rust-lang/crates.io-index"
checksum = "0fda2ff0d084019ba4d7c6f371c95d8fd75ce3524c3cb8fb653a3023f6323e64"

[[package]]
name = "smart_pointers"
version = "0.1.0"

[[package]]
name = "strings"
version = "0.1.0"

[[package]]
name = "structs"
version = "0.1.0"

[[package]]
name = "threads"
version = "0.1.0"

[[package]]
name = "variables"
version = "0.1.0"
